// !$*UTF8*$!
{
	archiveVersion = 1;
	classes = {
	};
	objectVersion = 46;
	objects = {

/* Begin PBXBuildFile section */
		6E292E2F18BF55EB0024380E /* Foundation.framework in Frameworks */ = {isa = PBXBuildFile; fileRef = 6E292E2E18BF55EB0024380E /* Foundation.framework */; };
		6E292E3118BF55EB0024380E /* CoreGraphics.framework in Frameworks */ = {isa = PBXBuildFile; fileRef = 6E292E3018BF55EB0024380E /* CoreGraphics.framework */; };
		6E292E3318BF55EB0024380E /* UIKit.framework in Frameworks */ = {isa = PBXBuildFile; fileRef = 6E292E3218BF55EB0024380E /* UIKit.framework */; };
		6E292E3918BF55EB0024380E /* InfoPlist.strings in Resources */ = {isa = PBXBuildFile; fileRef = 6E292E3718BF55EB0024380E /* InfoPlist.strings */; };
		6E292E3B18BF55EB0024380E /* main.m in Sources */ = {isa = PBXBuildFile; fileRef = 6E292E3A18BF55EB0024380E /* main.m */; };
		6E292E3F18BF55EB0024380E /* SWAppDelegate.m in Sources */ = {isa = PBXBuildFile; fileRef = 6E292E3E18BF55EB0024380E /* SWAppDelegate.m */; };
		6E292E4118BF55EB0024380E /* Images.xcassets in Resources */ = {isa = PBXBuildFile; fileRef = 6E292E4018BF55EB0024380E /* Images.xcassets */; };
		6E292E4818BF55EB0024380E /* XCTest.framework in Frameworks */ = {isa = PBXBuildFile; fileRef = 6E292E4718BF55EB0024380E /* XCTest.framework */; };
		6E292E4918BF55EB0024380E /* Foundation.framework in Frameworks */ = {isa = PBXBuildFile; fileRef = 6E292E2E18BF55EB0024380E /* Foundation.framework */; };
		6E292E4A18BF55EB0024380E /* UIKit.framework in Frameworks */ = {isa = PBXBuildFile; fileRef = 6E292E3218BF55EB0024380E /* UIKit.framework */; };
		6E292E5218BF55EB0024380E /* InfoPlist.strings in Resources */ = {isa = PBXBuildFile; fileRef = 6E292E5018BF55EB0024380E /* InfoPlist.strings */; };
		6E292E5418BF55EB0024380E /* gestor_de_clasesTests.m in Sources */ = {isa = PBXBuildFile; fileRef = 6E292E5318BF55EB0024380E /* gestor_de_clasesTests.m */; };
		6E292E5E18BF566E0024380E /* main_interface.storyboard in Resources */ = {isa = PBXBuildFile; fileRef = 6E292E5D18BF566E0024380E /* main_interface.storyboard */; };
		6E292E6018BF664C0024380E /* MapKit.framework in Frameworks */ = {isa = PBXBuildFile; fileRef = 6E292E5F18BF664C0024380E /* MapKit.framework */; };
		6E292E6418BF68F50024380E /* SWAlumno.m in Sources */ = {isa = PBXBuildFile; fileRef = 6E292E6318BF68F50024380E /* SWAlumno.m */; };
		6E292E6818BF6B9E0024380E /* SWTablaAlumnosViewController.m in Sources */ = {isa = PBXBuildFile; fileRef = 6E292E6718BF6B9E0024380E /* SWTablaAlumnosViewController.m */; };
		6E292E6C18BF73430024380E /* SWAlumnoCell.m in Sources */ = {isa = PBXBuildFile; fileRef = 6E292E6B18BF73430024380E /* SWAlumnoCell.m */; };
/* End PBXBuildFile section */

/* Begin PBXContainerItemProxy section */
		6E292E4B18BF55EB0024380E /* PBXContainerItemProxy */ = {
			isa = PBXContainerItemProxy;
			containerPortal = 6E292E2318BF55EB0024380E /* Project object */;
			proxyType = 1;
			remoteGlobalIDString = 6E292E2A18BF55EB0024380E;
			remoteInfo = "gestor de clases";
		};
/* End PBXContainerItemProxy section */

/* Begin PBXFileReference section */
		6E292E2B18BF55EB0024380E /* gestor de clases.app */ = {isa = PBXFileReference; explicitFileType = wrapper.application; includeInIndex = 0; path = "gestor de clases.app"; sourceTree = BUILT_PRODUCTS_DIR; };
		6E292E2E18BF55EB0024380E /* Foundation.framework */ = {isa = PBXFileReference; lastKnownFileType = wrapper.framework; name = Foundation.framework; path = System/Library/Frameworks/Foundation.framework; sourceTree = SDKROOT; };
		6E292E3018BF55EB0024380E /* CoreGraphics.framework */ = {isa = PBXFileReference; lastKnownFileType = wrapper.framework; name = CoreGraphics.framework; path = System/Library/Frameworks/CoreGraphics.framework; sourceTree = SDKROOT; };
		6E292E3218BF55EB0024380E /* UIKit.framework */ = {isa = PBXFileReference; lastKnownFileType = wrapper.framework; name = UIKit.framework; path = System/Library/Frameworks/UIKit.framework; sourceTree = SDKROOT; };
		6E292E3618BF55EB0024380E /* gestor de clases-Info.plist */ = {isa = PBXFileReference; lastKnownFileType = text.plist.xml; path = "gestor de clases-Info.plist"; sourceTree = "<group>"; };
		6E292E3818BF55EB0024380E /* en */ = {isa = PBXFileReference; lastKnownFileType = text.plist.strings; name = en; path = en.lproj/InfoPlist.strings; sourceTree = "<group>"; };
		6E292E3A18BF55EB0024380E /* main.m */ = {isa = PBXFileReference; lastKnownFileType = sourcecode.c.objc; path = main.m; sourceTree = "<group>"; };
		6E292E3C18BF55EB0024380E /* gestor de clases-Prefix.pch */ = {isa = PBXFileReference; lastKnownFileType = sourcecode.c.h; path = "gestor de clases-Prefix.pch"; sourceTree = "<group>"; };
		6E292E3D18BF55EB0024380E /* SWAppDelegate.h */ = {isa = PBXFileReference; lastKnownFileType = sourcecode.c.h; path = SWAppDelegate.h; sourceTree = "<group>"; };
		6E292E3E18BF55EB0024380E /* SWAppDelegate.m */ = {isa = PBXFileReference; lastKnownFileType = sourcecode.c.objc; path = SWAppDelegate.m; sourceTree = "<group>"; };
		6E292E4018BF55EB0024380E /* Images.xcassets */ = {isa = PBXFileReference; lastKnownFileType = folder.assetcatalog; path = Images.xcassets; sourceTree = "<group>"; };
		6E292E4618BF55EB0024380E /* gestor de clasesTests.xctest */ = {isa = PBXFileReference; explicitFileType = wrapper.cfbundle; includeInIndex = 0; path = "gestor de clasesTests.xctest"; sourceTree = BUILT_PRODUCTS_DIR; };
		6E292E4718BF55EB0024380E /* XCTest.framework */ = {isa = PBXFileReference; lastKnownFileType = wrapper.framework; name = XCTest.framework; path = Library/Frameworks/XCTest.framework; sourceTree = DEVELOPER_DIR; };
		6E292E4F18BF55EB0024380E /* gestor de clasesTests-Info.plist */ = {isa = PBXFileReference; lastKnownFileType = text.plist.xml; path = "gestor de clasesTests-Info.plist"; sourceTree = "<group>"; };
		6E292E5118BF55EB0024380E /* en */ = {isa = PBXFileReference; lastKnownFileType = text.plist.strings; name = en; path = en.lproj/InfoPlist.strings; sourceTree = "<group>"; };
		6E292E5318BF55EB0024380E /* gestor_de_clasesTests.m */ = {isa = PBXFileReference; lastKnownFileType = sourcecode.c.objc; path = gestor_de_clasesTests.m; sourceTree = "<group>"; };
		6E292E5D18BF566E0024380E /* main_interface.storyboard */ = {isa = PBXFileReference; fileEncoding = 4; lastKnownFileType = file.storyboard; path = main_interface.storyboard; sourceTree = "<group>"; };
		6E292E5F18BF664C0024380E /* MapKit.framework */ = {isa = PBXFileReference; lastKnownFileType = wrapper.framework; name = MapKit.framework; path = System/Library/Frameworks/MapKit.framework; sourceTree = SDKROOT; };
		6E292E6218BF68F50024380E /* SWAlumno.h */ = {isa = PBXFileReference; fileEncoding = 4; lastKnownFileType = sourcecode.c.h; path = SWAlumno.h; sourceTree = "<group>"; };
		6E292E6318BF68F50024380E /* SWAlumno.m */ = {isa = PBXFileReference; fileEncoding = 4; lastKnownFileType = sourcecode.c.objc; path = SWAlumno.m; sourceTree = "<group>"; };
		6E292E6618BF6B9E0024380E /* SWTablaAlumnosViewController.h */ = {isa = PBXFileReference; fileEncoding = 4; lastKnownFileType = sourcecode.c.h; path = SWTablaAlumnosViewController.h; sourceTree = "<group>"; };
		6E292E6718BF6B9E0024380E /* SWTablaAlumnosViewController.m */ = {isa = PBXFileReference; fileEncoding = 4; lastKnownFileType = sourcecode.c.objc; path = SWTablaAlumnosViewController.m; sourceTree = "<group>"; };
		6E292E6A18BF73430024380E /* SWAlumnoCell.h */ = {isa = PBXFileReference; fileEncoding = 4; lastKnownFileType = sourcecode.c.h; path = SWAlumnoCell.h; sourceTree = "<group>"; };
		6E292E6B18BF73430024380E /* SWAlumnoCell.m */ = {isa = PBXFileReference; fileEncoding = 4; lastKnownFileType = sourcecode.c.objc; path = SWAlumnoCell.m; sourceTree = "<group>"; };
/* End PBXFileReference section */

/* Begin PBXFrameworksBuildPhase section */
		6E292E2818BF55EB0024380E /* Frameworks */ = {
			isa = PBXFrameworksBuildPhase;
			buildActionMask = 2147483647;
			files = (
				6E292E3118BF55EB0024380E /* CoreGraphics.framework in Frameworks */,
				6E292E3318BF55EB0024380E /* UIKit.framework in Frameworks */,
				6E292E6018BF664C0024380E /* MapKit.framework in Frameworks */,
				6E292E2F18BF55EB0024380E /* Foundation.framework in Frameworks */,
			);
			runOnlyForDeploymentPostprocessing = 0;
		};
		6E292E4318BF55EB0024380E /* Frameworks */ = {
			isa = PBXFrameworksBuildPhase;
			buildActionMask = 2147483647;
			files = (
				6E292E4818BF55EB0024380E /* XCTest.framework in Frameworks */,
				6E292E4A18BF55EB0024380E /* UIKit.framework in Frameworks */,
				6E292E4918BF55EB0024380E /* Foundation.framework in Frameworks */,
			);
			runOnlyForDeploymentPostprocessing = 0;
		};
/* End PBXFrameworksBuildPhase section */

/* Begin PBXGroup section */
		6E292E2218BF55EB0024380E = {
			isa = PBXGroup;
			children = (
				6E292E3418BF55EB0024380E /* gestor de clases */,
				6E292E4D18BF55EB0024380E /* gestor de clasesTests */,
				6E292E2D18BF55EB0024380E /* Frameworks */,
				6E292E2C18BF55EB0024380E /* Products */,
			);
			sourceTree = "<group>";
		};
		6E292E2C18BF55EB0024380E /* Products */ = {
			isa = PBXGroup;
			children = (
				6E292E2B18BF55EB0024380E /* gestor de clases.app */,
				6E292E4618BF55EB0024380E /* gestor de clasesTests.xctest */,
			);
			name = Products;
			sourceTree = "<group>";
		};
		6E292E2D18BF55EB0024380E /* Frameworks */ = {
			isa = PBXGroup;
			children = (
				6E292E5F18BF664C0024380E /* MapKit.framework */,
				6E292E2E18BF55EB0024380E /* Foundation.framework */,
				6E292E3018BF55EB0024380E /* CoreGraphics.framework */,
				6E292E3218BF55EB0024380E /* UIKit.framework */,
				6E292E4718BF55EB0024380E /* XCTest.framework */,
			);
			name = Frameworks;
			sourceTree = "<group>";
		};
		6E292E3418BF55EB0024380E /* gestor de clases */ = {
			isa = PBXGroup;
			children = (
				6E292E6918BF72F90024380E /* Views */,
				6E292E6518BF6AE30024380E /* Controladores */,
				6E292E6118BF68450024380E /* Modelos */,
				6E292E3D18BF55EB0024380E /* SWAppDelegate.h */,
				6E292E3E18BF55EB0024380E /* SWAppDelegate.m */,
				6E292E4018BF55EB0024380E /* Images.xcassets */,
				6E292E3518BF55EB0024380E /* Supporting Files */,
				6E292E5D18BF566E0024380E /* main_interface.storyboard */,
			);
			path = "gestor de clases";
			sourceTree = "<group>";
		};
		6E292E3518BF55EB0024380E /* Supporting Files */ = {
			isa = PBXGroup;
			children = (
				6E292E3618BF55EB0024380E /* gestor de clases-Info.plist */,
				6E292E3718BF55EB0024380E /* InfoPlist.strings */,
				6E292E3A18BF55EB0024380E /* main.m */,
				6E292E3C18BF55EB0024380E /* gestor de clases-Prefix.pch */,
			);
			name = "Supporting Files";
			sourceTree = "<group>";
		};
		6E292E4D18BF55EB0024380E /* gestor de clasesTests */ = {
			isa = PBXGroup;
			children = (
				6E292E5318BF55EB0024380E /* gestor_de_clasesTests.m */,
				6E292E4E18BF55EB0024380E /* Supporting Files */,
			);
			path = "gestor de clasesTests";
			sourceTree = "<group>";
		};
		6E292E4E18BF55EB0024380E /* Supporting Files */ = {
			isa = PBXGroup;
			children = (
				6E292E4F18BF55EB0024380E /* gestor de clasesTests-Info.plist */,
				6E292E5018BF55EB0024380E /* InfoPlist.strings */,
			);
			name = "Supporting Files";
			sourceTree = "<group>";
		};
		6E292E6118BF68450024380E /* Modelos */ = {
			isa = PBXGroup;
			children = (
				6E292E6218BF68F50024380E /* SWAlumno.h */,
				6E292E6318BF68F50024380E /* SWAlumno.m */,
			);
			path = Modelos;
			sourceTree = "<group>";
		};
		6E292E6518BF6AE30024380E /* Controladores */ = {
			isa = PBXGroup;
			children = (
				6E292E6618BF6B9E0024380E /* SWTablaAlumnosViewController.h */,
				6E292E6718BF6B9E0024380E /* SWTablaAlumnosViewController.m */,
			);
			path = Controladores;
			sourceTree = "<group>";
		};
		6E292E6918BF72F90024380E /* Views */ = {
			isa = PBXGroup;
			children = (
				6E292E6A18BF73430024380E /* SWAlumnoCell.h */,
				6E292E6B18BF73430024380E /* SWAlumnoCell.m */,
			);
			path = Views;
			sourceTree = "<group>";
		};
/* End PBXGroup section */

/* Begin PBXNativeTarget section */
		6E292E2A18BF55EB0024380E /* gestor de clases */ = {
			isa = PBXNativeTarget;
			buildConfigurationList = 6E292E5718BF55EC0024380E /* Build configuration list for PBXNativeTarget "gestor de clases" */;
			buildPhases = (
				6E292E2718BF55EB0024380E /* Sources */,
				6E292E2818BF55EB0024380E /* Frameworks */,
				6E292E2918BF55EB0024380E /* Resources */,
			);
			buildRules = (
			);
			dependencies = (
			);
			name = "gestor de clases";
			productName = "gestor de clases";
			productReference = 6E292E2B18BF55EB0024380E /* gestor de clases.app */;
			productType = "com.apple.product-type.application";
		};
		6E292E4518BF55EB0024380E /* gestor de clasesTests */ = {
			isa = PBXNativeTarget;
			buildConfigurationList = 6E292E5A18BF55EC0024380E /* Build configuration list for PBXNativeTarget "gestor de clasesTests" */;
			buildPhases = (
				6E292E4218BF55EB0024380E /* Sources */,
				6E292E4318BF55EB0024380E /* Frameworks */,
				6E292E4418BF55EB0024380E /* Resources */,
			);
			buildRules = (
			);
			dependencies = (
				6E292E4C18BF55EB0024380E /* PBXTargetDependency */,
			);
			name = "gestor de clasesTests";
			productName = "gestor de clasesTests";
			productReference = 6E292E4618BF55EB0024380E /* gestor de clasesTests.xctest */;
			productType = "com.apple.product-type.bundle.unit-test";
		};
/* End PBXNativeTarget section */

/* Begin PBXProject section */
		6E292E2318BF55EB0024380E /* Project object */ = {
			isa = PBXProject;
			attributes = {
				CLASSPREFIX = SW;
				LastUpgradeCheck = 0500;
				ORGANIZATIONNAME = "Pablo Formoso Estada";
				TargetAttributes = {
					6E292E2A18BF55EB0024380E = {
						SystemCapabilities = {
							com.apple.iOS = {
								enabled = 1;
							};
						};
					};
					6E292E4518BF55EB0024380E = {
						TestTargetID = 6E292E2A18BF55EB0024380E;
					};
				};
			};
			buildConfigurationList = 6E292E2618BF55EB0024380E /* Build configuration list for PBXProject "gestor de clases" */;
			compatibilityVersion = "Xcode 3.2";
			developmentRegion = English;
			hasScannedForEncodings = 0;
			knownRegions = (
				en,
			);
			mainGroup = 6E292E2218BF55EB0024380E;
			productRefGroup = 6E292E2C18BF55EB0024380E /* Products */;
			projectDirPath = "";
			projectRoot = "";
			targets = (
				6E292E2A18BF55EB0024380E /* gestor de clases */,
				6E292E4518BF55EB0024380E /* gestor de clasesTests */,
			);
		};
/* End PBXProject section */

/* Begin PBXResourcesBuildPhase section */
		6E292E2918BF55EB0024380E /* Resources */ = {
			isa = PBXResourcesBuildPhase;
			buildActionMask = 2147483647;
			files = (
				6E292E5E18BF566E0024380E /* main_interface.storyboard in Resources */,
				6E292E3918BF55EB0024380E /* InfoPlist.strings in Resources */,
				6E292E4118BF55EB0024380E /* Images.xcassets in Resources */,
			);
			runOnlyForDeploymentPostprocessing = 0;
		};
		6E292E4418BF55EB0024380E /* Resources */ = {
			isa = PBXResourcesBuildPhase;
			buildActionMask = 2147483647;
			files = (
				6E292E5218BF55EB0024380E /* InfoPlist.strings in Resources */,
			);
			runOnlyForDeploymentPostprocessing = 0;
		};
/* End PBXResourcesBuildPhase section */

/* Begin PBXSourcesBuildPhase section */
		6E292E2718BF55EB0024380E /* Sources */ = {
			isa = PBXSourcesBuildPhase;
			buildActionMask = 2147483647;
			files = (
				6E292E6C18BF73430024380E /* SWAlumnoCell.m in Sources */,
				6E292E6418BF68F50024380E /* SWAlumno.m in Sources */,
				6E292E6818BF6B9E0024380E /* SWTablaAlumnosViewController.m in Sources */,
				6E292E3F18BF55EB0024380E /* SWAppDelegate.m in Sources */,
				6E292E3B18BF55EB0024380E /* main.m in Sources */,
			);
			runOnlyForDeploymentPostprocessing = 0;
		};
		6E292E4218BF55EB0024380E /* Sources */ = {
			isa = PBXSourcesBuildPhase;
			buildActionMask = 2147483647;
			files = (
				6E292E5418BF55EB0024380E /* gestor_de_clasesTests.m in Sources */,
			);
			runOnlyForDeploymentPostprocessing = 0;
		};
/* End PBXSourcesBuildPhase section */

/* Begin PBXTargetDependency section */
		6E292E4C18BF55EB0024380E /* PBXTargetDependency */ = {
			isa = PBXTargetDependency;
			target = 6E292E2A18BF55EB0024380E /* gestor de clases */;
			targetProxy = 6E292E4B18BF55EB0024380E /* PBXContainerItemProxy */;
		};
/* End PBXTargetDependency section */

/* Begin PBXVariantGroup section */
		6E292E3718BF55EB0024380E /* InfoPlist.strings */ = {
			isa = PBXVariantGroup;
			children = (
				6E292E3818BF55EB0024380E /* en */,
			);
			name = InfoPlist.strings;
			sourceTree = "<group>";
		};
		6E292E5018BF55EB0024380E /* InfoPlist.strings */ = {
			isa = PBXVariantGroup;
			children = (
				6E292E5118BF55EB0024380E /* en */,
			);
			name = InfoPlist.strings;
			sourceTree = "<group>";
		};
/* End PBXVariantGroup section */

/* Begin XCBuildConfiguration section */
		6E292E5518BF55EB0024380E /* Debug */ = {
			isa = XCBuildConfiguration;
			buildSettings = {
				ALWAYS_SEARCH_USER_PATHS = NO;
				ARCHS = "$(ARCHS_STANDARD_INCLUDING_64_BIT)";
				CLANG_CXX_LANGUAGE_STANDARD = "gnu++0x";
				CLANG_CXX_LIBRARY = "libc++";
				CLANG_ENABLE_MODULES = YES;
				CLANG_ENABLE_OBJC_ARC = YES;
				CLANG_WARN_BOOL_CONVERSION = YES;
				CLANG_WARN_CONSTANT_CONVERSION = YES;
				CLANG_WARN_DIRECT_OBJC_ISA_USAGE = YES_ERROR;
				CLANG_WARN_EMPTY_BODY = YES;
				CLANG_WARN_ENUM_CONVERSION = YES;
				CLANG_WARN_INT_CONVERSION = YES;
				CLANG_WARN_OBJC_ROOT_CLASS = YES_ERROR;
				CLANG_WARN__DUPLICATE_METHOD_MATCH = YES;
				"CODE_SIGN_IDENTITY[sdk=iphoneos*]" = "iPhone Developer";
				COPY_PHASE_STRIP = NO;
				GCC_C_LANGUAGE_STANDARD = gnu99;
				GCC_DYNAMIC_NO_PIC = NO;
				GCC_OPTIMIZATION_LEVEL = 0;
				GCC_PREPROCESSOR_DEFINITIONS = (
					"DEBUG=1",
					"$(inherited)",
				);
				GCC_SYMBOLS_PRIVATE_EXTERN = NO;
				GCC_WARN_64_TO_32_BIT_CONVERSION = YES;
				GCC_WARN_ABOUT_RETURN_TYPE = YES_ERROR;
				GCC_WARN_UNDECLARED_SELECTOR = YES;
				GCC_WARN_UNINITIALIZED_AUTOS = YES;
				GCC_WARN_UNUSED_FUNCTION = YES;
				GCC_WARN_UNUSED_VARIABLE = YES;
				IPHONEOS_DEPLOYMENT_TARGET = 7.0;
				ONLY_ACTIVE_ARCH = YES;
				SDKROOT = iphoneos;
			};
			name = Debug;
		};
		6E292E5618BF55EB0024380E /* Release */ = {
			isa = XCBuildConfiguration;
			buildSettings = {
				ALWAYS_SEARCH_USER_PATHS = NO;
				ARCHS = "$(ARCHS_STANDARD_INCLUDING_64_BIT)";
				CLANG_CXX_LANGUAGE_STANDARD = "gnu++0x";
				CLANG_CXX_LIBRARY = "libc++";
				CLANG_ENABLE_MODULES = YES;
				CLANG_ENABLE_OBJC_ARC = YES;
				CLANG_WARN_BOOL_CONVERSION = YES;
				CLANG_WARN_CONSTANT_CONVERSION = YES;
				CLANG_WARN_DIRECT_OBJC_ISA_USAGE = YES_ERROR;
				CLANG_WARN_EMPTY_BODY = YES;
				CLANG_WARN_ENUM_CONVERSION = YES;
				CLANG_WARN_INT_CONVERSION = YES;
				CLANG_WARN_OBJC_ROOT_CLASS = YES_ERROR;
				CLANG_WARN__DUPLICATE_METHOD_MATCH = YES;
				"CODE_SIGN_IDENTITY[sdk=iphoneos*]" = "iPhone Developer";
				COPY_PHASE_STRIP = YES;
				ENABLE_NS_ASSERTIONS = NO;
				GCC_C_LANGUAGE_STANDARD = gnu99;
				GCC_WARN_64_TO_32_BIT_CONVERSION = YES;
				GCC_WARN_ABOUT_RETURN_TYPE = YES_ERROR;
				GCC_WARN_UNDECLARED_SELECTOR = YES;
				GCC_WARN_UNINITIALIZED_AUTOS = YES;
				GCC_WARN_UNUSED_FUNCTION = YES;
				GCC_WARN_UNUSED_VARIABLE = YES;
				IPHONEOS_DEPLOYMENT_TARGET = 7.0;
				SDKROOT = iphoneos;
				VALIDATE_PRODUCT = YES;
			};
			name = Release;
		};
		6E292E5818BF55EC0024380E /* Debug */ = {
			isa = XCBuildConfiguration;
			buildSettings = {
				ASSETCATALOG_COMPILER_APPICON_NAME = AppIcon;
				ASSETCATALOG_COMPILER_LAUNCHIMAGE_NAME = LaunchImage;
				GCC_PRECOMPILE_PREFIX_HEADER = YES;
				GCC_PREFIX_HEADER = "gestor de clases/gestor de clases-Prefix.pch";
				INFOPLIST_FILE = "gestor de clases/gestor de clases-Info.plist";
				PRODUCT_NAME = "$(TARGET_NAME)";
				WRAPPER_EXTENSION = app;
			};
			name = Debug;
		};
		6E292E5918BF55EC0024380E /* Release */ = {
			isa = XCBuildConfiguration;
			buildSettings = {
				ASSETCATALOG_COMPILER_APPICON_NAME = AppIcon;
				ASSETCATALOG_COMPILER_LAUNCHIMAGE_NAME = LaunchImage;
				GCC_PRECOMPILE_PREFIX_HEADER = YES;
				GCC_PREFIX_HEADER = "gestor de clases/gestor de clases-Prefix.pch";
				INFOPLIST_FILE = "gestor de clases/gestor de clases-Info.plist";
				PRODUCT_NAME = "$(TARGET_NAME)";
				WRAPPER_EXTENSION = app;
			};
			name = Release;
		};
		6E292E5B18BF55EC0024380E /* Debug */ = {
			isa = XCBuildConfiguration;
			buildSettings = {
				ARCHS = "$(ARCHS_STANDARD_INCLUDING_64_BIT)";
				BUNDLE_LOADER = "$(BUILT_PRODUCTS_DIR)/gestor de clases.app/gestor de clases";
				FRAMEWORK_SEARCH_PATHS = (
					"$(SDKROOT)/Developer/Library/Frameworks",
					"$(inherited)",
					"$(DEVELOPER_FRAMEWORKS_DIR)",
				);
				GCC_PRECOMPILE_PREFIX_HEADER = YES;
				GCC_PREFIX_HEADER = "gestor de clases/gestor de clases-Prefix.pch";
				GCC_PREPROCESSOR_DEFINITIONS = (
					"DEBUG=1",
					"$(inherited)",
				);
				INFOPLIST_FILE = "gestor de clasesTests/gestor de clasesTests-Info.plist";
				PRODUCT_NAME = "$(TARGET_NAME)";
				TEST_HOST = "$(BUNDLE_LOADER)";
				WRAPPER_EXTENSION = xctest;
			};
			name = Debug;
		};
		6E292E5C18BF55EC0024380E /* Release */ = {
			isa = XCBuildConfiguration;
			buildSettings = {
				ARCHS = "$(ARCHS_STANDARD_INCLUDING_64_BIT)";
				BUNDLE_LOADER = "$(BUILT_PRODUCTS_DIR)/gestor de clases.app/gestor de clases";
				FRAMEWORK_SEARCH_PATHS = (
					"$(SDKROOT)/Developer/Library/Frameworks",
					"$(inherited)",
					"$(DEVELOPER_FRAMEWORKS_DIR)",
				);
				GCC_PRECOMPILE_PREFIX_HEADER = YES;
				GCC_PREFIX_HEADER = "gestor de clases/gestor de clases-Prefix.pch";
				INFOPLIST_FILE = "gestor de clasesTests/gestor de clasesTests-Info.plist";
				PRODUCT_NAME = "$(TARGET_NAME)";
				TEST_HOST = "$(BUNDLE_LOADER)";
				WRAPPER_EXTENSION = xctest;
			};
			name = Release;
		};
/* End XCBuildConfiguration section */

/* Begin XCConfigurationList section */
		6E292E2618BF55EB0024380E /* Build configuration list for PBXProject "gestor de clases" */ = {
			isa = XCConfigurationList;
			buildConfigurations = (
				6E292E5518BF55EB0024380E /* Debug */,
				6E292E5618BF55EB0024380E /* Release */,
			);
			defaultConfigurationIsVisible = 0;
			defaultConfigurationName = Release;
		};
		6E292E5718BF55EC0024380E /* Build configuration list for PBXNativeTarget "gestor de clases" */ = {
			isa = XCConfigurationList;
			buildConfigurations = (
				6E292E5818BF55EC0024380E /* Debug */,
				6E292E5918BF55EC0024380E /* Release */,
			);
			defaultConfigurationIsVisible = 0;
		};
		6E292E5A18BF55EC0024380E /* Build configuration list for PBXNativeTarget "gestor de clasesTests" */ = {
			isa = XCConfigurationList;
			buildConfigurations = (
				6E292E5B18BF55EC0024380E /* Debug */,
				6E292E5C18BF55EC0024380E /* Release */,
			);
			defaultConfigurationIsVisible = 0;
		};
/* End XCConfigurationList section */
	};
	rootObject = 6E292E2318BF55EB0024380E /* Project object */;
}
